// !$*UTF8*$!
{
	archiveVersion = 1;
	classes = {
	};
	objectVersion = 46;
	objects = {

/* Begin PBXBuildFile section */
		7C99ACB51E14A36B003EE34A /* AppDelegate.swift in Sources */ = {isa = PBXBuildFile; fileRef = 7C99ACB41E14A36B003EE34A /* AppDelegate.swift */; };
		7C99ACB71E14A36B003EE34A /* Assets.xcassets in Resources */ = {isa = PBXBuildFile; fileRef = 7C99ACB61E14A36B003EE34A /* Assets.xcassets */; };
		7C99ACBA1E14A36B003EE34A /* MainMenu.xib in Resources */ = {isa = PBXBuildFile; fileRef = 7C99ACB81E14A36B003EE34A /* MainMenu.xib */; };
		7C99ACC31E14AA1E003EE34A /* TodayViewController.swift in Sources */ = {isa = PBXBuildFile; fileRef = 7C99ACC11E14AA1E003EE34A /* TodayViewController.swift */; };
		7C99ACC61E14AF53003EE34A /* TodayViewController.xib in Resources */ = {isa = PBXBuildFile; fileRef = 7C99ACC81E14AF53003EE34A /* TodayViewController.xib */; };
		7C99ACCC1E14B6CA003EE34A /* DataLoader.swift in Sources */ = {isa = PBXBuildFile; fileRef = 7C99ACCB1E14B6CA003EE34A /* DataLoader.swift */; };
		7C99ACD11E14F5AB003EE34A /* EventMonitor.swift in Sources */ = {isa = PBXBuildFile; fileRef = 7C99ACD01E14F5AB003EE34A /* EventMonitor.swift */; };
		7C99ACD61E1511FE003EE34A /* Info.plist in Resources */ = {isa = PBXBuildFile; fileRef = 7C99ACD51E1511FE003EE34A /* Info.plist */; };
		7C99ACD91E151259003EE34A /* InfoPlist.strings in Resources */ = {isa = PBXBuildFile; fileRef = 7C99ACDB1E151259003EE34A /* InfoPlist.strings */; };
		7C99ACDF1E151502003EE34A /* Localizable.strings in Resources */ = {isa = PBXBuildFile; fileRef = 7C99ACE11E151502003EE34A /* Localizable.strings */; };
		D32685B3430D5B094CDEC6A2 /* Pods_MenuBarNBA.framework in Frameworks */ = {isa = PBXBuildFile; fileRef = EFD12F2DD9707DC4F14510BB /* Pods_MenuBarNBA.framework */; };
/* End PBXBuildFile section */

/* Begin PBXFileReference section */
		24FB3084AD50002ADBED58A9 /* Pods-MenuBarNBA.debug.xcconfig */ = {isa = PBXFileReference; includeInIndex = 1; lastKnownFileType = text.xcconfig; name = "Pods-MenuBarNBA.debug.xcconfig"; path = "Pods/Target Support Files/Pods-MenuBarNBA/Pods-MenuBarNBA.debug.xcconfig"; sourceTree = "<group>"; };
		7C99ACB11E14A36B003EE34A /* MenuBarNBA.app */ = {isa = PBXFileReference; explicitFileType = wrapper.application; includeInIndex = 0; path = MenuBarNBA.app; sourceTree = BUILT_PRODUCTS_DIR; };
		7C99ACB41E14A36B003EE34A /* AppDelegate.swift */ = {isa = PBXFileReference; lastKnownFileType = sourcecode.swift; path = AppDelegate.swift; sourceTree = "<group>"; };
		7C99ACB61E14A36B003EE34A /* Assets.xcassets */ = {isa = PBXFileReference; lastKnownFileType = folder.assetcatalog; path = Assets.xcassets; sourceTree = "<group>"; };
		7C99ACB91E14A36B003EE34A /* Base */ = {isa = PBXFileReference; lastKnownFileType = file.xib; name = Base; path = Base.lproj/MainMenu.xib; sourceTree = "<group>"; };
		7C99ACC11E14AA1E003EE34A /* TodayViewController.swift */ = {isa = PBXFileReference; fileEncoding = 4; lastKnownFileType = sourcecode.swift; path = TodayViewController.swift; sourceTree = "<group>"; };
		7C99ACC51E14AF36003EE34A /* zh-Hans */ = {isa = PBXFileReference; lastKnownFileType = text.plist.strings; name = "zh-Hans"; path = "zh-Hans.lproj/MainMenu.strings"; sourceTree = "<group>"; };
		7C99ACC71E14AF53003EE34A /* Base */ = {isa = PBXFileReference; lastKnownFileType = file.xib; name = Base; path = Base.lproj/TodayViewController.xib; sourceTree = "<group>"; };
		7C99ACCA1E14AF57003EE34A /* zh-Hans */ = {isa = PBXFileReference; lastKnownFileType = text.plist.strings; name = "zh-Hans"; path = "zh-Hans.lproj/TodayViewController.strings"; sourceTree = "<group>"; };
		7C99ACCB1E14B6CA003EE34A /* DataLoader.swift */ = {isa = PBXFileReference; fileEncoding = 4; lastKnownFileType = sourcecode.swift; path = DataLoader.swift; sourceTree = "<group>"; };
		7C99ACCD1E14DEA2003EE34A /* MenuBarNBA.entitlements */ = {isa = PBXFileReference; lastKnownFileType = text.plist.entitlements; path = MenuBarNBA.entitlements; sourceTree = "<group>"; };
		7C99ACCF1E14F4D7003EE34A /* en */ = {isa = PBXFileReference; lastKnownFileType = text.plist.strings; name = en; path = en.lproj/TodayViewController.strings; sourceTree = "<group>"; };
		7C99ACD01E14F5AB003EE34A /* EventMonitor.swift */ = {isa = PBXFileReference; fileEncoding = 4; lastKnownFileType = sourcecode.swift; path = EventMonitor.swift; sourceTree = "<group>"; };
		7C99ACD51E1511FE003EE34A /* Info.plist */ = {isa = PBXFileReference; fileEncoding = 4; lastKnownFileType = text.plist.xml; path = Info.plist; sourceTree = "<group>"; };
		7C99ACDA1E151259003EE34A /* Base */ = {isa = PBXFileReference; lastKnownFileType = text.plist.strings; name = Base; path = Base.lproj/InfoPlist.strings; sourceTree = "<group>"; };
		7C99ACDC1E15125A003EE34A /* zh-Hans */ = {isa = PBXFileReference; lastKnownFileType = text.plist.strings; name = "zh-Hans"; path = "zh-Hans.lproj/InfoPlist.strings"; sourceTree = "<group>"; };
		7C99ACE01E151502003EE34A /* Base */ = {isa = PBXFileReference; lastKnownFileType = text.plist.strings; name = Base; path = Base.lproj/Localizable.strings; sourceTree = "<group>"; };
		7CF328101E15151E000B9EFD /* zh-Hans */ = {isa = PBXFileReference; lastKnownFileType = text.plist.strings; name = "zh-Hans"; path = "zh-Hans.lproj/Localizable.strings"; sourceTree = "<group>"; };
		DB8708A43C95198BE36C12BC /* Pods-MenuBarNBA.release.xcconfig */ = {isa = PBXFileReference; includeInIndex = 1; lastKnownFileType = text.xcconfig; name = "Pods-MenuBarNBA.release.xcconfig"; path = "Pods/Target Support Files/Pods-MenuBarNBA/Pods-MenuBarNBA.release.xcconfig"; sourceTree = "<group>"; };
		EFD12F2DD9707DC4F14510BB /* Pods_MenuBarNBA.framework */ = {isa = PBXFileReference; explicitFileType = wrapper.framework; includeInIndex = 0; path = Pods_MenuBarNBA.framework; sourceTree = BUILT_PRODUCTS_DIR; };
/* End PBXFileReference section */

/* Begin PBXFrameworksBuildPhase section */
		7C99ACAE1E14A36B003EE34A /* Frameworks */ = {
			isa = PBXFrameworksBuildPhase;
			buildActionMask = 2147483647;
			files = (
				D32685B3430D5B094CDEC6A2 /* Pods_MenuBarNBA.framework in Frameworks */,
			);
			runOnlyForDeploymentPostprocessing = 0;
		};
/* End PBXFrameworksBuildPhase section */

/* Begin PBXGroup section */
		7C99ACA81E14A36B003EE34A = {
			isa = PBXGroup;
			children = (
				7C99ACB31E14A36B003EE34A /* MenuBarNBA */,
				7C99ACB21E14A36B003EE34A /* Products */,
				C20D687B54897CCDE496F2F2 /* Pods */,
				AF78EC16727B7F1E13EB6337 /* Frameworks */,
			);
			sourceTree = "<group>";
		};
		7C99ACB21E14A36B003EE34A /* Products */ = {
			isa = PBXGroup;
			children = (
				7C99ACB11E14A36B003EE34A /* MenuBarNBA.app */,
			);
			name = Products;
			sourceTree = "<group>";
		};
		7C99ACB31E14A36B003EE34A /* MenuBarNBA */ = {
			isa = PBXGroup;
			children = (
				7C99ACCD1E14DEA2003EE34A /* MenuBarNBA.entitlements */,
				7C99ACB41E14A36B003EE34A /* AppDelegate.swift */,
				7C99ACB61E14A36B003EE34A /* Assets.xcassets */,
				7C99ACD51E1511FE003EE34A /* Info.plist */,
				7C99ACB81E14A36B003EE34A /* MainMenu.xib */,
				7C99ACC11E14AA1E003EE34A /* TodayViewController.swift */,
				7C99ACC81E14AF53003EE34A /* TodayViewController.xib */,
				7C99ACCB1E14B6CA003EE34A /* DataLoader.swift */,
				7C99ACD01E14F5AB003EE34A /* EventMonitor.swift */,
				7C99ACDB1E151259003EE34A /* InfoPlist.strings */,
				7C99ACE11E151502003EE34A /* Localizable.strings */,
			);
			path = MenuBarNBA;
			sourceTree = "<group>";
		};
		AF78EC16727B7F1E13EB6337 /* Frameworks */ = {
			isa = PBXGroup;
			children = (
				EFD12F2DD9707DC4F14510BB /* Pods_MenuBarNBA.framework */,
			);
			name = Frameworks;
			sourceTree = "<group>";
		};
		C20D687B54897CCDE496F2F2 /* Pods */ = {
			isa = PBXGroup;
			children = (
				24FB3084AD50002ADBED58A9 /* Pods-MenuBarNBA.debug.xcconfig */,
				DB8708A43C95198BE36C12BC /* Pods-MenuBarNBA.release.xcconfig */,
			);
			name = Pods;
			sourceTree = "<group>";
		};
/* End PBXGroup section */

/* Begin PBXNativeTarget section */
		7C99ACB01E14A36B003EE34A /* MenuBarNBA */ = {
			isa = PBXNativeTarget;
			buildConfigurationList = 7C99ACBE1E14A36B003EE34A /* Build configuration list for PBXNativeTarget "MenuBarNBA" */;
			buildPhases = (
				CEF632F8BECEA93A77CE850D /* [CP] Check Pods Manifest.lock */,
				7C99ACAD1E14A36B003EE34A /* Sources */,
				7C99ACAE1E14A36B003EE34A /* Frameworks */,
				7C99ACAF1E14A36B003EE34A /* Resources */,
				B2EA80796DECF9F4042C2801 /* [CP] Embed Pods Frameworks */,
				813D099F57EA510546CF4FC3 /* [CP] Copy Pods Resources */,
			);
			buildRules = (
			);
			dependencies = (
			);
			name = MenuBarNBA;
			productName = MenuBarNBA;
			productReference = 7C99ACB11E14A36B003EE34A /* MenuBarNBA.app */;
			productType = "com.apple.product-type.application";
		};
/* End PBXNativeTarget section */

/* Begin PBXProject section */
		7C99ACA91E14A36B003EE34A /* Project object */ = {
			isa = PBXProject;
			attributes = {
				LastSwiftUpdateCheck = 0820;
				LastUpgradeCheck = 0820;
				ORGANIZATIONNAME = "张嘉夫";
				TargetAttributes = {
					7C99ACB01E14A36B003EE34A = {
						CreatedOnToolsVersion = 8.2.1;
						DevelopmentTeam = T4TW6Z2N88;
						ProvisioningStyle = Automatic;
						SystemCapabilities = {
							com.apple.Sandbox = {
								enabled = 1;
							};
						};
					};
				};
			};
			buildConfigurationList = 7C99ACAC1E14A36B003EE34A /* Build configuration list for PBXProject "MenuBarNBA" */;
			compatibilityVersion = "Xcode 3.2";
			developmentRegion = English;
			hasScannedForEncodings = 0;
			knownRegions = (
				en,
				Base,
				"zh-Hans",
			);
			mainGroup = 7C99ACA81E14A36B003EE34A;
			productRefGroup = 7C99ACB21E14A36B003EE34A /* Products */;
			projectDirPath = "";
			projectRoot = "";
			targets = (
				7C99ACB01E14A36B003EE34A /* MenuBarNBA */,
			);
		};
/* End PBXProject section */

/* Begin PBXResourcesBuildPhase section */
		7C99ACAF1E14A36B003EE34A /* Resources */ = {
			isa = PBXResourcesBuildPhase;
			buildActionMask = 2147483647;
			files = (
				7C99ACD61E1511FE003EE34A /* Info.plist in Resources */,
				7C99ACDF1E151502003EE34A /* Localizable.strings in Resources */,
				7C99ACB71E14A36B003EE34A /* Assets.xcassets in Resources */,
				7C99ACBA1E14A36B003EE34A /* MainMenu.xib in Resources */,
				7C99ACC61E14AF53003EE34A /* TodayViewController.xib in Resources */,
				7C99ACD91E151259003EE34A /* InfoPlist.strings in Resources */,
			);
			runOnlyForDeploymentPostprocessing = 0;
		};
/* End PBXResourcesBuildPhase section */

/* Begin PBXShellScriptBuildPhase section */
		813D099F57EA510546CF4FC3 /* [CP] Copy Pods Resources */ = {
			isa = PBXShellScriptBuildPhase;
			buildActionMask = 2147483647;
			files = (
			);
			inputPaths = (
			);
			name = "[CP] Copy Pods Resources";
			outputPaths = (
			);
			runOnlyForDeploymentPostprocessing = 0;
			shellPath = /bin/sh;
			shellScript = "\"${SRCROOT}/Pods/Target Support Files/Pods-MenuBarNBA/Pods-MenuBarNBA-resources.sh\"\n";
			showEnvVarsInLog = 0;
		};
		B2EA80796DECF9F4042C2801 /* [CP] Embed Pods Frameworks */ = {
			isa = PBXShellScriptBuildPhase;
			buildActionMask = 2147483647;
			files = (
			);
			inputPaths = (
			);
			name = "[CP] Embed Pods Frameworks";
			outputPaths = (
			);
			runOnlyForDeploymentPostprocessing = 0;
			shellPath = /bin/sh;
			shellScript = "\"${SRCROOT}/Pods/Target Support Files/Pods-MenuBarNBA/Pods-MenuBarNBA-frameworks.sh\"\n";
			showEnvVarsInLog = 0;
		};
		CEF632F8BECEA93A77CE850D /* [CP] Check Pods Manifest.lock */ = {
			isa = PBXShellScriptBuildPhase;
			buildActionMask = 2147483647;
			files = (
			);
			inputPaths = (
			);
			name = "[CP] Check Pods Manifest.lock";
			outputPaths = (
			);
			runOnlyForDeploymentPostprocessing = 0;
			shellPath = /bin/sh;
			shellScript = "diff \"${PODS_ROOT}/../Podfile.lock\" \"${PODS_ROOT}/Manifest.lock\" > /dev/null\nif [ $? != 0 ] ; then\n    # print error to STDERR\n    echo \"error: The sandbox is not in sync with the Podfile.lock. Run 'pod install' or update your CocoaPods installation.\" >&2\n    exit 1\nfi\n";
			showEnvVarsInLog = 0;
		};
/* End PBXShellScriptBuildPhase section */

/* Begin PBXSourcesBuildPhase section */
		7C99ACAD1E14A36B003EE34A /* Sources */ = {
			isa = PBXSourcesBuildPhase;
			buildActionMask = 2147483647;
			files = (
				7C99ACC31E14AA1E003EE34A /* TodayViewController.swift in Sources */,
				7C99ACB51E14A36B003EE34A /* AppDelegate.swift in Sources */,
				7C99ACCC1E14B6CA003EE34A /* DataLoader.swift in Sources */,
				7C99ACD11E14F5AB003EE34A /* EventMonitor.swift in Sources */,
			);
			runOnlyForDeploymentPostprocessing = 0;
		};
/* End PBXSourcesBuildPhase section */

/* Begin PBXVariantGroup section */
		7C99ACB81E14A36B003EE34A /* MainMenu.xib */ = {
			isa = PBXVariantGroup;
			children = (
				7C99ACB91E14A36B003EE34A /* Base */,
				7C99ACC51E14AF36003EE34A /* zh-Hans */,
			);
			name = MainMenu.xib;
			sourceTree = "<group>";
		};
		7C99ACC81E14AF53003EE34A /* TodayViewController.xib */ = {
			isa = PBXVariantGroup;
			children = (
				7C99ACC71E14AF53003EE34A /* Base */,
				7C99ACCA1E14AF57003EE34A /* zh-Hans */,
				7C99ACCF1E14F4D7003EE34A /* en */,
			);
			name = TodayViewController.xib;
			sourceTree = "<group>";
		};
		7C99ACDB1E151259003EE34A /* InfoPlist.strings */ = {
			isa = PBXVariantGroup;
			children = (
				7C99ACDA1E151259003EE34A /* Base */,
				7C99ACDC1E15125A003EE34A /* zh-Hans */,
			);
			name = InfoPlist.strings;
			sourceTree = "<group>";
		};
		7C99ACE11E151502003EE34A /* Localizable.strings */ = {
			isa = PBXVariantGroup;
			children = (
				7C99ACE01E151502003EE34A /* Base */,
				7CF328101E15151E000B9EFD /* zh-Hans */,
			);
			name = Localizable.strings;
			sourceTree = "<group>";
		};
/* End PBXVariantGroup section */

/* Begin XCBuildConfiguration section */
		7C99ACBC1E14A36B003EE34A /* Debug */ = {
			isa = XCBuildConfiguration;
			buildSettings = {
				ALWAYS_SEARCH_USER_PATHS = NO;
				CLANG_ANALYZER_LOCALIZABILITY_NONLOCALIZED = YES;
				CLANG_ANALYZER_NONNULL = YES;
				CLANG_CXX_LANGUAGE_STANDARD = "gnu++0x";
				CLANG_CXX_LIBRARY = "libc++";
				CLANG_ENABLE_MODULES = YES;
				CLANG_ENABLE_OBJC_ARC = YES;
				CLANG_WARN_BOOL_CONVERSION = YES;
				CLANG_WARN_CONSTANT_CONVERSION = YES;
				CLANG_WARN_DIRECT_OBJC_ISA_USAGE = YES_ERROR;
				CLANG_WARN_DOCUMENTATION_COMMENTS = YES;
				CLANG_WARN_EMPTY_BODY = YES;
				CLANG_WARN_ENUM_CONVERSION = YES;
				CLANG_WARN_INFINITE_RECURSION = YES;
				CLANG_WARN_INT_CONVERSION = YES;
				CLANG_WARN_OBJC_ROOT_CLASS = YES_ERROR;
				CLANG_WARN_SUSPICIOUS_MOVE = YES;
				CLANG_WARN_UNREACHABLE_CODE = YES;
				CLANG_WARN__DUPLICATE_METHOD_MATCH = YES;
				CODE_SIGN_IDENTITY = "-";
				COPY_PHASE_STRIP = NO;
				DEBUG_INFORMATION_FORMAT = dwarf;
				ENABLE_STRICT_OBJC_MSGSEND = YES;
				ENABLE_TESTABILITY = YES;
				GCC_C_LANGUAGE_STANDARD = gnu99;
				GCC_DYNAMIC_NO_PIC = NO;
				GCC_NO_COMMON_BLOCKS = YES;
				GCC_OPTIMIZATION_LEVEL = 0;
				GCC_PREPROCESSOR_DEFINITIONS = (
					"DEBUG=1",
					"$(inherited)",
				);
				GCC_WARN_64_TO_32_BIT_CONVERSION = YES;
				GCC_WARN_ABOUT_RETURN_TYPE = YES_ERROR;
				GCC_WARN_UNDECLARED_SELECTOR = YES;
				GCC_WARN_UNINITIALIZED_AUTOS = YES_AGGRESSIVE;
				GCC_WARN_UNUSED_FUNCTION = YES;
				GCC_WARN_UNUSED_VARIABLE = YES;
				MACOSX_DEPLOYMENT_TARGET = 10.11;
				MTL_ENABLE_DEBUG_INFO = YES;
				ONLY_ACTIVE_ARCH = YES;
				SDKROOT = macosx;
				SWIFT_ACTIVE_COMPILATION_CONDITIONS = DEBUG;
				SWIFT_OPTIMIZATION_LEVEL = "-Onone";
			};
			name = Debug;
		};
		7C99ACBD1E14A36B003EE34A /* Release */ = {
			isa = XCBuildConfiguration;
			buildSettings = {
				ALWAYS_SEARCH_USER_PATHS = NO;
				CLANG_ANALYZER_LOCALIZABILITY_NONLOCALIZED = YES;
				CLANG_ANALYZER_NONNULL = YES;
				CLANG_CXX_LANGUAGE_STANDARD = "gnu++0x";
				CLANG_CXX_LIBRARY = "libc++";
				CLANG_ENABLE_MODULES = YES;
				CLANG_ENABLE_OBJC_ARC = YES;
				CLANG_WARN_BOOL_CONVERSION = YES;
				CLANG_WARN_CONSTANT_CONVERSION = YES;
				CLANG_WARN_DIRECT_OBJC_ISA_USAGE = YES_ERROR;
				CLANG_WARN_DOCUMENTATION_COMMENTS = YES;
				CLANG_WARN_EMPTY_BODY = YES;
				CLANG_WARN_ENUM_CONVERSION = YES;
				CLANG_WARN_INFINITE_RECURSION = YES;
				CLANG_WARN_INT_CONVERSION = YES;
				CLANG_WARN_OBJC_ROOT_CLASS = YES_ERROR;
				CLANG_WARN_SUSPICIOUS_MOVE = YES;
				CLANG_WARN_UNREACHABLE_CODE = YES;
				CLANG_WARN__DUPLICATE_METHOD_MATCH = YES;
				CODE_SIGN_IDENTITY = "-";
				COPY_PHASE_STRIP = NO;
				DEBUG_INFORMATION_FORMAT = "dwarf-with-dsym";
				ENABLE_NS_ASSERTIONS = NO;
				ENABLE_STRICT_OBJC_MSGSEND = YES;
				GCC_C_LANGUAGE_STANDARD = gnu99;
				GCC_NO_COMMON_BLOCKS = YES;
				GCC_WARN_64_TO_32_BIT_CONVERSION = YES;
				GCC_WARN_ABOUT_RETURN_TYPE = YES_ERROR;
				GCC_WARN_UNDECLARED_SELECTOR = YES;
				GCC_WARN_UNINITIALIZED_AUTOS = YES_AGGRESSIVE;
				GCC_WARN_UNUSED_FUNCTION = YES;
				GCC_WARN_UNUSED_VARIABLE = YES;
				MACOSX_DEPLOYMENT_TARGET = 10.11;
				MTL_ENABLE_DEBUG_INFO = NO;
				SDKROOT = macosx;
				SWIFT_OPTIMIZATION_LEVEL = "-Owholemodule";
			};
			name = Release;
		};
		7C99ACBF1E14A36B003EE34A /* Debug */ = {
			isa = XCBuildConfiguration;
			baseConfigurationReference = 24FB3084AD50002ADBED58A9 /* Pods-MenuBarNBA.debug.xcconfig */;
			buildSettings = {
				ASSETCATALOG_COMPILER_APPICON_NAME = AppIcon;
				CODE_SIGN_ENTITLEMENTS = MenuBarNBA/MenuBarNBA.entitlements;
				CODE_SIGN_IDENTITY = "-";
				COMBINE_HIDPI_IMAGES = YES;
				DEVELOPMENT_TEAM = T4TW6Z2N88;
				INFOPLIST_FILE = MenuBarNBA/Info.plist;
				LD_RUNPATH_SEARCH_PATHS = "$(inherited) @executable_path/../Frameworks";
				PRODUCT_BUNDLE_IDENTIFIER = social.street.MenuBarNBA;
				PRODUCT_NAME = "$(TARGET_NAME)";
				SWIFT_VERSION = 3.0;
			};
			name = Debug;
		};
		7C99ACC01E14A36B003EE34A /* Release */ = {
			isa = XCBuildConfiguration;
			baseConfigurationReference = DB8708A43C95198BE36C12BC /* Pods-MenuBarNBA.release.xcconfig */;
			buildSettings = {
				ASSETCATALOG_COMPILER_APPICON_NAME = AppIcon;
				CODE_SIGN_ENTITLEMENTS = MenuBarNBA/MenuBarNBA.entitlements;
				CODE_SIGN_IDENTITY = "-";
				COMBINE_HIDPI_IMAGES = YES;
				DEVELOPMENT_TEAM = T4TW6Z2N88;
				INFOPLIST_FILE = MenuBarNBA/Info.plist;
				LD_RUNPATH_SEARCH_PATHS = "$(inherited) @executable_path/../Frameworks";
				PRODUCT_BUNDLE_IDENTIFIER = social.street.MenuBarNBA;
				PRODUCT_NAME = "$(TARGET_NAME)";
				SWIFT_VERSION = 3.0;
			};
			name = Release;
		};
/* End XCBuildConfiguration section */

/* Begin XCConfigurationList section */
		7C99ACAC1E14A36B003EE34A /* Build configuration list for PBXProject "MenuBarNBA" */ = {
			isa = XCConfigurationList;
			buildConfigurations = (
				7C99ACBC1E14A36B003EE34A /* Debug */,
				7C99ACBD1E14A36B003EE34A /* Release */,
			);
			defaultConfigurationIsVisible = 0;
			defaultConfigurationName = Release;
		};
		7C99ACBE1E14A36B003EE34A /* Build configuration list for PBXNativeTarget "MenuBarNBA" */ = {
			isa = XCConfigurationList;
			buildConfigurations = (
				7C99ACBF1E14A36B003EE34A /* Debug */,
				7C99ACC01E14A36B003EE34A /* Release */,
			);
			defaultConfigurationIsVisible = 0;
			defaultConfigurationName = Release;
		};
/* End XCConfigurationList section */
	};
	rootObject = 7C99ACA91E14A36B003EE34A /* Project object */;
}
